
Microsoft Visual Studio Solution File, Format Version 12.00
# Visual Studio Version 17
VisualStudioVersion = 17.9.34616.47
MinimumVisualStudioVersion = 10.0.40219.1
Project("{FAE04EC0-301F-11D3-BF4B-00C04F79EFBC}") = "dbms", "dbms\dbms.csproj", "{04BEBB2D-01E5-4229-8BB6-5FA6B65E2F8D}"
EndProject
Global
	GlobalSection(SolutionConfigurationPlatforms) = preSolution
		Debug|Any CPU = Debug|Any CPU
		Release|Any CPU = Release|Any CPU
	EndGlobalSection
	GlobalSection(ProjectConfigurationPlatforms) = postSolution
		{04BEBB2D-01E5-4229-8BB6-5FA6B65E2F8D}.Debug|Any CPU.ActiveCfg = Debug|Any CPU
		{04BEBB2D-01E5-4229-8BB6-5FA6B65E2F8D}.Debug|Any CPU.Build.0 = Debug|Any CPU
		{04BEBB2D-01E5-4229-8BB6-5FA6B65E2F8D}.Release|Any CPU.ActiveCfg = Release|Any CPU
		{04BEBB2D-01E5-4229-8BB6-5FA6B65E2F8D}.Release|Any CPU.Build.0 = Release|Any CPU
	EndGlobalSection
	GlobalSection(SolutionProperties) = preSolution
		HideSolutionNode = FALSE
	EndGlobalSection
	GlobalSection(ExtensibilityGlobals) = postSolution
		SolutionGuid = {2CD5EE83-D8FE-4BCD-BCBB-653AB7313D5C}
	EndGlobalSection
EndGlobal
